
Microsoft Visual Studio Solution File, Format Version 12.00
# Visual Studio Version 17
VisualStudioVersion = 17.3.32825.248
MinimumVisualStudioVersion = 10.0.40219.1
Project("{9A19103F-16F7-4668-BE54-9A1E7A4F7556}") = "LR_PP", "LR_PP\LR_PP.csproj", "{5371A502-6C9C-4D18-B472-4ABB08B3AEBA}"
EndProject
Project("{9A19103F-16F7-4668-BE54-9A1E7A4F7556}") = "Contracts", "Contracts\Contracts.csproj", "{E1408E12-1EDA-4799-9F1F-9B039040ABE1}"
EndProject
Project("{9A19103F-16F7-4668-BE54-9A1E7A4F7556}") = "LoggerService", "LoggerService\LoggerService.csproj", "{71C97A4E-411D-467B-AEF5-290E56B1E603}"
EndProject
Project("{9A19103F-16F7-4668-BE54-9A1E7A4F7556}") = "Entities", "Entities\Entities.csproj", "{870695FA-88F0-463E-B7CE-7B3A6F2DEE82}"
EndProject
Project("{9A19103F-16F7-4668-BE54-9A1E7A4F7556}") = "Repository", "Repository\Repository.csproj", "{F159483E-1E72-4094-B55F-9A99ED7D8387}"
EndProject
Global
	GlobalSection(SolutionConfigurationPlatforms) = preSolution
		Debug|Any CPU = Debug|Any CPU
		Release|Any CPU = Release|Any CPU
	EndGlobalSection
	GlobalSection(ProjectConfigurationPlatforms) = postSolution
		{5371A502-6C9C-4D18-B472-4ABB08B3AEBA}.Debug|Any CPU.ActiveCfg = Debug|Any CPU
		{5371A502-6C9C-4D18-B472-4ABB08B3AEBA}.Debug|Any CPU.Build.0 = Debug|Any CPU
		{5371A502-6C9C-4D18-B472-4ABB08B3AEBA}.Release|Any CPU.ActiveCfg = Release|Any CPU
		{5371A502-6C9C-4D18-B472-4ABB08B3AEBA}.Release|Any CPU.Build.0 = Release|Any CPU
		{E1408E12-1EDA-4799-9F1F-9B039040ABE1}.Debug|Any CPU.ActiveCfg = Debug|Any CPU
		{E1408E12-1EDA-4799-9F1F-9B039040ABE1}.Debug|Any CPU.Build.0 = Debug|Any CPU
		{E1408E12-1EDA-4799-9F1F-9B039040ABE1}.Release|Any CPU.ActiveCfg = Release|Any CPU
		{E1408E12-1EDA-4799-9F1F-9B039040ABE1}.Release|Any CPU.Build.0 = Release|Any CPU
		{71C97A4E-411D-467B-AEF5-290E56B1E603}.Debug|Any CPU.ActiveCfg = Debug|Any CPU
		{71C97A4E-411D-467B-AEF5-290E56B1E603}.Debug|Any CPU.Build.0 = Debug|Any CPU
		{71C97A4E-411D-467B-AEF5-290E56B1E603}.Release|Any CPU.ActiveCfg = Release|Any CPU
		{71C97A4E-411D-467B-AEF5-290E56B1E603}.Release|Any CPU.Build.0 = Release|Any CPU
		{870695FA-88F0-463E-B7CE-7B3A6F2DEE82}.Debug|Any CPU.ActiveCfg = Debug|Any CPU
		{870695FA-88F0-463E-B7CE-7B3A6F2DEE82}.Debug|Any CPU.Build.0 = Debug|Any CPU
		{870695FA-88F0-463E-B7CE-7B3A6F2DEE82}.Release|Any CPU.ActiveCfg = Release|Any CPU
		{870695FA-88F0-463E-B7CE-7B3A6F2DEE82}.Release|Any CPU.Build.0 = Release|Any CPU
		{F159483E-1E72-4094-B55F-9A99ED7D8387}.Debug|Any CPU.ActiveCfg = Debug|Any CPU
		{F159483E-1E72-4094-B55F-9A99ED7D8387}.Debug|Any CPU.Build.0 = Debug|Any CPU
		{F159483E-1E72-4094-B55F-9A99ED7D8387}.Release|Any CPU.ActiveCfg = Release|Any CPU
		{F159483E-1E72-4094-B55F-9A99ED7D8387}.Release|Any CPU.Build.0 = Release|Any CPU
	EndGlobalSection
	GlobalSection(SolutionProperties) = preSolution
		HideSolutionNode = FALSE
	EndGlobalSection
	GlobalSection(ExtensibilityGlobals) = postSolution
		SolutionGuid = {BC70D693-4D82-40B0-9562-4EBDFCF5AE92}
	EndGlobalSection
EndGlobal
